{
  "requires": true,
  "lockfileVersion": 1,
  "dependencies": {
    "chartkick": {
      "version": "2.3.6",
      "resolved": "https://registry.npmjs.org/chartkick/-/chartkick-2.3.6.tgz",
      "integrity": "sha512-emlZMrNmyNq7M3+YhTbKLqM2tvm77WztvHvoYBtNdznFylt4oGDKeO5vOi+RR0RYfzquAhHWTaPfBcUzRBdY7Q=="
    },
    "lodash": {
      "version": "4.17.10",
      "resolved": "https://registry.npmjs.org/lodash/-/lodash-4.17.10.tgz",
      "integrity": "sha512-UejweD1pDoXu+AD825lWwp4ZGtSwgnpZxb3JDViD7StjQz+Nb/6l093lx4OQ0foGWNRoc19mWy7BzL+UAK2iVg=="
    },
    "react-chartkick": {
      "version": "0.2.0",
      "resolved": "https://registry.npmjs.org/react-chartkick/-/react-chartkick-0.2.0.tgz",
      "integrity": "sha512-37SPD0GyzOoHKab+Lrl7f5HIvqNnNn7WyP1rnIWIbjYSuDY6VbzieLdKdNZeK4KGs/9UkmuN9t7pfl8fa2Z8/g==",
      "requires": {
        "chartkick": "^2.3.5"
      }
    }
  }
}
